
Microsoft Visual Studio Solution File, Format Version 12.00
# Visual Studio Version 17
VisualStudioVersion = 17.8.34511.84
MinimumVisualStudioVersion = 10.0.40219.1
Project("{FAE04EC0-301F-11D3-BF4B-00C04F79EFBC}") = "NoteTakingApp.Api", "NoteTakingApp.Api.csproj", "{E87B0DF9-5AEB-4214-97FD-55F266F088C8}"
EndProject
Project("{2150E333-8FDC-42A3-9474-1A3956D46DE8}") = "src", "src", "{FECB44C8-F957-4480-8254-8465822259A8}"
EndProject
Project("{2150E333-8FDC-42A3-9474-1A3956D46DE8}") = "presentation", "presentation", "{5EEB235E-91AB-464A-99F0-C8B4B5306107}"
EndProject
Project("{2150E333-8FDC-42A3-9474-1A3956D46DE8}") = "core", "core", "{2F77D580-5623-4777-A1FC-367BC84B3AC3}"
EndProject
Project("{2150E333-8FDC-42A3-9474-1A3956D46DE8}") = "infrastructure", "infrastructure", "{0FD4F69A-589E-43E0-9D98-80BC58311A56}"
EndProject
Project("{FAE04EC0-301F-11D3-BF4B-00C04F79EFBC}") = "NoteTakingApp.Application", "..\NoteTakingApp.Application\NoteTakingApp.Application.csproj", "{48D41163-565E-4215-B76F-0CEC228D067C}"
EndProject
Project("{FAE04EC0-301F-11D3-BF4B-00C04F79EFBC}") = "NoteTakingApp.Domain", "..\NoteTakingApp.Domain\NoteTakingApp.Domain.csproj", "{735D0B33-38C1-435A-B3C7-333A0B9D49F4}"
EndProject
Project("{FAE04EC0-301F-11D3-BF4B-00C04F79EFBC}") = "NoteTakingApp.Infrastructure", "..\NoteTakingApp.Infrastructure\NoteTakingApp.Infrastructure.csproj", "{D717082B-67CC-470F-AFF1-4037679CDDC1}"
EndProject
Project("{FAE04EC0-301F-11D3-BF4B-00C04F79EFBC}") = "NoteTakingApp.Persistence", "..\NoteTakingApp.Persistence\NoteTakingApp.Persistence.csproj", "{301FDEB9-7EBF-4331-B8E6-2EAEE3B257F3}"
EndProject
Global
	GlobalSection(SolutionConfigurationPlatforms) = preSolution
		Debug|Any CPU = Debug|Any CPU
		Release|Any CPU = Release|Any CPU
	EndGlobalSection
	GlobalSection(ProjectConfigurationPlatforms) = postSolution
		{E87B0DF9-5AEB-4214-97FD-55F266F088C8}.Debug|Any CPU.ActiveCfg = Debug|Any CPU
		{E87B0DF9-5AEB-4214-97FD-55F266F088C8}.Debug|Any CPU.Build.0 = Debug|Any CPU
		{E87B0DF9-5AEB-4214-97FD-55F266F088C8}.Release|Any CPU.ActiveCfg = Release|Any CPU
		{E87B0DF9-5AEB-4214-97FD-55F266F088C8}.Release|Any CPU.Build.0 = Release|Any CPU
		{48D41163-565E-4215-B76F-0CEC228D067C}.Debug|Any CPU.ActiveCfg = Debug|Any CPU
		{48D41163-565E-4215-B76F-0CEC228D067C}.Debug|Any CPU.Build.0 = Debug|Any CPU
		{48D41163-565E-4215-B76F-0CEC228D067C}.Release|Any CPU.ActiveCfg = Release|Any CPU
		{48D41163-565E-4215-B76F-0CEC228D067C}.Release|Any CPU.Build.0 = Release|Any CPU
		{735D0B33-38C1-435A-B3C7-333A0B9D49F4}.Debug|Any CPU.ActiveCfg = Debug|Any CPU
		{735D0B33-38C1-435A-B3C7-333A0B9D49F4}.Debug|Any CPU.Build.0 = Debug|Any CPU
		{735D0B33-38C1-435A-B3C7-333A0B9D49F4}.Release|Any CPU.ActiveCfg = Release|Any CPU
		{735D0B33-38C1-435A-B3C7-333A0B9D49F4}.Release|Any CPU.Build.0 = Release|Any CPU
		{D717082B-67CC-470F-AFF1-4037679CDDC1}.Debug|Any CPU.ActiveCfg = Debug|Any CPU
		{D717082B-67CC-470F-AFF1-4037679CDDC1}.Debug|Any CPU.Build.0 = Debug|Any CPU
		{D717082B-67CC-470F-AFF1-4037679CDDC1}.Release|Any CPU.ActiveCfg = Release|Any CPU
		{D717082B-67CC-470F-AFF1-4037679CDDC1}.Release|Any CPU.Build.0 = Release|Any CPU
		{301FDEB9-7EBF-4331-B8E6-2EAEE3B257F3}.Debug|Any CPU.ActiveCfg = Debug|Any CPU
		{301FDEB9-7EBF-4331-B8E6-2EAEE3B257F3}.Debug|Any CPU.Build.0 = Debug|Any CPU
		{301FDEB9-7EBF-4331-B8E6-2EAEE3B257F3}.Release|Any CPU.ActiveCfg = Release|Any CPU
		{301FDEB9-7EBF-4331-B8E6-2EAEE3B257F3}.Release|Any CPU.Build.0 = Release|Any CPU
	EndGlobalSection
	GlobalSection(SolutionProperties) = preSolution
		HideSolutionNode = FALSE
	EndGlobalSection
	GlobalSection(NestedProjects) = preSolution
		{E87B0DF9-5AEB-4214-97FD-55F266F088C8} = {5EEB235E-91AB-464A-99F0-C8B4B5306107}
		{5EEB235E-91AB-464A-99F0-C8B4B5306107} = {FECB44C8-F957-4480-8254-8465822259A8}
		{2F77D580-5623-4777-A1FC-367BC84B3AC3} = {FECB44C8-F957-4480-8254-8465822259A8}
		{0FD4F69A-589E-43E0-9D98-80BC58311A56} = {FECB44C8-F957-4480-8254-8465822259A8}
		{48D41163-565E-4215-B76F-0CEC228D067C} = {2F77D580-5623-4777-A1FC-367BC84B3AC3}
		{735D0B33-38C1-435A-B3C7-333A0B9D49F4} = {2F77D580-5623-4777-A1FC-367BC84B3AC3}
		{D717082B-67CC-470F-AFF1-4037679CDDC1} = {0FD4F69A-589E-43E0-9D98-80BC58311A56}
		{301FDEB9-7EBF-4331-B8E6-2EAEE3B257F3} = {0FD4F69A-589E-43E0-9D98-80BC58311A56}
	EndGlobalSection
	GlobalSection(ExtensibilityGlobals) = postSolution
		SolutionGuid = {19333888-73F7-45EC-8019-3E39280FCB76}
	EndGlobalSection
EndGlobal
